
Microsoft Visual Studio Solution File, Format Version 12.00
# Visual Studio 14
VisualStudioVersion = 14.0.25420.1
MinimumVisualStudioVersion = 10.0.40219.1
Project("{8BC9CEB8-8B4A-11D0-8D11-00A0C91BC942}") = "libaspell", "libaspell\libaspell.vcxproj", "{D2998A79-52C1-4BA1-B166-7AC6C0AA5242}"
	ProjectSection(ProjectDependencies) = postProject
		{A2998A7A-52C1-4BA1-B166-AAB6C1AB7242} = {A2998A7A-52C1-4BA1-B166-AAB6C1AB7242}
	EndProjectSection
EndProject
Project("{8BC9CEB8-8B4A-11D0-8D11-00A0C91BC942}") = "PDCurses", "PDCurses\PDCurses.vcxproj", "{D2998A79-5266-4B44-B188-7AC6C0AA5242}"
EndProject
Project("{8BC9CEB8-8B4A-11D0-8D11-00A0C91BC942}") = "firework", "PDCurses\firework\firework.vcxproj", "{D2998A79-5266-4B44-B181-7AC6C0AA5242}"
	ProjectSection(ProjectDependencies) = postProject
		{D2998A79-5266-4B44-B188-7AC6C0AA5242} = {D2998A79-5266-4B44-B188-7AC6C0AA5242}
	EndProjectSection
EndProject
Project("{8BC9CEB8-8B4A-11D0-8D11-00A0C91BC942}") = "tuidemo", "PDCurses\tuidemo\tuidemo.vcxproj", "{D2998A79-5266-4B44-B182-7AC6C0AA5242}"
	ProjectSection(ProjectDependencies) = postProject
		{D2998A79-5266-4B44-B188-7AC6C0AA5242} = {D2998A79-5266-4B44-B188-7AC6C0AA5242}
	EndProjectSection
EndProject
Project("{8BC9CEB8-8B4A-11D0-8D11-00A0C91BC942}") = "worm", "PDCurses\worm\worm.vcxproj", "{D2998A79-5266-4B44-B183-7AC6C0AA5242}"
	ProjectSection(ProjectDependencies) = postProject
		{D2998A79-5266-4B44-B188-7AC6C0AA5242} = {D2998A79-5266-4B44-B188-7AC6C0AA5242}
	EndProjectSection
EndProject
Project("{8BC9CEB8-8B4A-11D0-8D11-00A0C91BC942}") = "ozdemo", "PDCurses\ozdemo\ozdemo.vcxproj", "{D2998A79-5266-4B44-B184-7AC6C0AA5242}"
	ProjectSection(ProjectDependencies) = postProject
		{D2998A79-5266-4B44-B188-7AC6C0AA5242} = {D2998A79-5266-4B44-B188-7AC6C0AA5242}
	EndProjectSection
EndProject
Project("{8BC9CEB8-8B4A-11D0-8D11-00A0C91BC942}") = "aspell", "aspell\aspell.vcxproj", "{D2998A79-5266-4B44-DDDD-7AC6C0AA5242}"
	ProjectSection(ProjectDependencies) = postProject
		{D2998A79-5266-4B44-B188-7AC6C0AA5242} = {D2998A79-5266-4B44-B188-7AC6C0AA5242}
		{D2998A79-52C1-4BA1-B166-7AC6C0AA5242} = {D2998A79-52C1-4BA1-B166-7AC6C0AA5242}
	EndProjectSection
EndProject
Project("{8BC9CEB8-8B4A-11D0-8D11-00A0C91BC942}") = "libwin32port", "win32port\libwin32port.vcxproj", "{A2998A7A-52C1-4BA1-B166-AAB6C1AB7242}"
EndProject
Global
	GlobalSection(SolutionConfigurationPlatforms) = preSolution
		Debug|Win32 = Debug|Win32
		Debug|x64 = Debug|x64
		DebugShared|Win32 = DebugShared|Win32
		DebugShared|x64 = DebugShared|x64
		Release|Win32 = Release|Win32
		Release|x64 = Release|x64
		ReleaseShared|Win32 = ReleaseShared|Win32
		ReleaseShared|x64 = ReleaseShared|x64
	EndGlobalSection
	GlobalSection(ProjectConfigurationPlatforms) = postSolution
		{D2998A79-52C1-4BA1-B166-7AC6C0AA5242}.Debug|Win32.ActiveCfg = Debug|Win32
		{D2998A79-52C1-4BA1-B166-7AC6C0AA5242}.Debug|Win32.Build.0 = Debug|Win32
		{D2998A79-52C1-4BA1-B166-7AC6C0AA5242}.Debug|x64.ActiveCfg = Debug|x64
		{D2998A79-52C1-4BA1-B166-7AC6C0AA5242}.Debug|x64.Build.0 = Debug|x64
		{D2998A79-52C1-4BA1-B166-7AC6C0AA5242}.DebugShared|Win32.ActiveCfg = DebugShared|Win32
		{D2998A79-52C1-4BA1-B166-7AC6C0AA5242}.DebugShared|Win32.Build.0 = DebugShared|Win32
		{D2998A79-52C1-4BA1-B166-7AC6C0AA5242}.DebugShared|x64.ActiveCfg = DebugShared|x64
		{D2998A79-52C1-4BA1-B166-7AC6C0AA5242}.DebugShared|x64.Build.0 = DebugShared|x64
		{D2998A79-52C1-4BA1-B166-7AC6C0AA5242}.Release|Win32.ActiveCfg = Release|Win32
		{D2998A79-52C1-4BA1-B166-7AC6C0AA5242}.Release|Win32.Build.0 = Release|Win32
		{D2998A79-52C1-4BA1-B166-7AC6C0AA5242}.Release|x64.ActiveCfg = Release|x64
		{D2998A79-52C1-4BA1-B166-7AC6C0AA5242}.Release|x64.Build.0 = Release|x64
		{D2998A79-52C1-4BA1-B166-7AC6C0AA5242}.ReleaseShared|Win32.ActiveCfg = ReleaseShared|Win32
		{D2998A79-52C1-4BA1-B166-7AC6C0AA5242}.ReleaseShared|Win32.Build.0 = ReleaseShared|Win32
		{D2998A79-52C1-4BA1-B166-7AC6C0AA5242}.ReleaseShared|x64.ActiveCfg = ReleaseShared|x64
		{D2998A79-52C1-4BA1-B166-7AC6C0AA5242}.ReleaseShared|x64.Build.0 = ReleaseShared|x64
		{D2998A79-5266-4B44-B188-7AC6C0AA5242}.Debug|Win32.ActiveCfg = Debug|Win32
		{D2998A79-5266-4B44-B188-7AC6C0AA5242}.Debug|Win32.Build.0 = Debug|Win32
		{D2998A79-5266-4B44-B188-7AC6C0AA5242}.Debug|x64.ActiveCfg = Debug|x64
		{D2998A79-5266-4B44-B188-7AC6C0AA5242}.Debug|x64.Build.0 = Debug|x64
		{D2998A79-5266-4B44-B188-7AC6C0AA5242}.DebugShared|Win32.ActiveCfg = DebugShared|Win32
		{D2998A79-5266-4B44-B188-7AC6C0AA5242}.DebugShared|x64.ActiveCfg = DebugShared|x64
		{D2998A79-5266-4B44-B188-7AC6C0AA5242}.DebugShared|x64.Build.0 = DebugShared|x64
		{D2998A79-5266-4B44-B188-7AC6C0AA5242}.Release|Win32.ActiveCfg = Release|Win32
		{D2998A79-5266-4B44-B188-7AC6C0AA5242}.Release|Win32.Build.0 = Release|Win32
		{D2998A79-5266-4B44-B188-7AC6C0AA5242}.Release|x64.ActiveCfg = Release|x64
		{D2998A79-5266-4B44-B188-7AC6C0AA5242}.Release|x64.Build.0 = Release|x64
		{D2998A79-5266-4B44-B188-7AC6C0AA5242}.ReleaseShared|Win32.ActiveCfg = ReleaseShared|Win32
		{D2998A79-5266-4B44-B188-7AC6C0AA5242}.ReleaseShared|x64.ActiveCfg = ReleaseShared|x64
		{D2998A79-5266-4B44-B188-7AC6C0AA5242}.ReleaseShared|x64.Build.0 = ReleaseShared|x64
		{D2998A79-5266-4B44-B181-7AC6C0AA5242}.Debug|Win32.ActiveCfg = Debug|Win32
		{D2998A79-5266-4B44-B181-7AC6C0AA5242}.Debug|Win32.Build.0 = Debug|Win32
		{D2998A79-5266-4B44-B181-7AC6C0AA5242}.Debug|x64.ActiveCfg = Debug|x64
		{D2998A79-5266-4B44-B181-7AC6C0AA5242}.Debug|x64.Build.0 = Debug|x64
		{D2998A79-5266-4B44-B181-7AC6C0AA5242}.DebugShared|Win32.ActiveCfg = DebugShared|Win32
		{D2998A79-5266-4B44-B181-7AC6C0AA5242}.DebugShared|x64.ActiveCfg = DebugShared|x64
		{D2998A79-5266-4B44-B181-7AC6C0AA5242}.DebugShared|x64.Build.0 = DebugShared|x64
		{D2998A79-5266-4B44-B181-7AC6C0AA5242}.Release|Win32.ActiveCfg = Release|Win32
		{D2998A79-5266-4B44-B181-7AC6C0AA5242}.Release|Win32.Build.0 = Release|Win32
		{D2998A79-5266-4B44-B181-7AC6C0AA5242}.Release|x64.ActiveCfg = Release|x64
		{D2998A79-5266-4B44-B181-7AC6C0AA5242}.Release|x64.Build.0 = Release|x64
		{D2998A79-5266-4B44-B181-7AC6C0AA5242}.ReleaseShared|Win32.ActiveCfg = ReleaseShared|Win32
		{D2998A79-5266-4B44-B181-7AC6C0AA5242}.ReleaseShared|x64.ActiveCfg = ReleaseShared|x64
		{D2998A79-5266-4B44-B181-7AC6C0AA5242}.ReleaseShared|x64.Build.0 = ReleaseShared|x64
		{D2998A79-5266-4B44-B182-7AC6C0AA5242}.Debug|Win32.ActiveCfg = Debug|Win32
		{D2998A79-5266-4B44-B182-7AC6C0AA5242}.Debug|Win32.Build.0 = Debug|Win32
		{D2998A79-5266-4B44-B182-7AC6C0AA5242}.Debug|x64.ActiveCfg = Debug|x64
		{D2998A79-5266-4B44-B182-7AC6C0AA5242}.Debug|x64.Build.0 = Debug|x64
		{D2998A79-5266-4B44-B182-7AC6C0AA5242}.DebugShared|Win32.ActiveCfg = DebugShared|Win32
		{D2998A79-5266-4B44-B182-7AC6C0AA5242}.DebugShared|x64.ActiveCfg = DebugShared|x64
		{D2998A79-5266-4B44-B182-7AC6C0AA5242}.DebugShared|x64.Build.0 = DebugShared|x64
		{D2998A79-5266-4B44-B182-7AC6C0AA5242}.Release|Win32.ActiveCfg = Release|Win32
		{D2998A79-5266-4B44-B182-7AC6C0AA5242}.Release|Win32.Build.0 = Release|Win32
		{D2998A79-5266-4B44-B182-7AC6C0AA5242}.Release|x64.ActiveCfg = Release|x64
		{D2998A79-5266-4B44-B182-7AC6C0AA5242}.Release|x64.Build.0 = Release|x64
		{D2998A79-5266-4B44-B182-7AC6C0AA5242}.ReleaseShared|Win32.ActiveCfg = ReleaseShared|Win32
		{D2998A79-5266-4B44-B182-7AC6C0AA5242}.ReleaseShared|x64.ActiveCfg = ReleaseShared|x64
		{D2998A79-5266-4B44-B182-7AC6C0AA5242}.ReleaseShared|x64.Build.0 = ReleaseShared|x64
		{D2998A79-5266-4B44-B183-7AC6C0AA5242}.Debug|Win32.ActiveCfg = Debug|Win32
		{D2998A79-5266-4B44-B183-7AC6C0AA5242}.Debug|Win32.Build.0 = Debug|Win32
		{D2998A79-5266-4B44-B183-7AC6C0AA5242}.Debug|x64.ActiveCfg = Debug|x64
		{D2998A79-5266-4B44-B183-7AC6C0AA5242}.Debug|x64.Build.0 = Debug|x64
		{D2998A79-5266-4B44-B183-7AC6C0AA5242}.DebugShared|Win32.ActiveCfg = DebugShared|Win32
		{D2998A79-5266-4B44-B183-7AC6C0AA5242}.DebugShared|x64.ActiveCfg = DebugShared|x64
		{D2998A79-5266-4B44-B183-7AC6C0AA5242}.DebugShared|x64.Build.0 = DebugShared|x64
		{D2998A79-5266-4B44-B183-7AC6C0AA5242}.Release|Win32.ActiveCfg = Release|Win32
		{D2998A79-5266-4B44-B183-7AC6C0AA5242}.Release|Win32.Build.0 = Release|Win32
		{D2998A79-5266-4B44-B183-7AC6C0AA5242}.Release|x64.ActiveCfg = Release|x64
		{D2998A79-5266-4B44-B183-7AC6C0AA5242}.Release|x64.Build.0 = Release|x64
		{D2998A79-5266-4B44-B183-7AC6C0AA5242}.ReleaseShared|Win32.ActiveCfg = ReleaseShared|Win32
		{D2998A79-5266-4B44-B183-7AC6C0AA5242}.ReleaseShared|x64.ActiveCfg = ReleaseShared|x64
		{D2998A79-5266-4B44-B183-7AC6C0AA5242}.ReleaseShared|x64.Build.0 = ReleaseShared|x64
		{D2998A79-5266-4B44-B184-7AC6C0AA5242}.Debug|Win32.ActiveCfg = Debug|Win32
		{D2998A79-5266-4B44-B184-7AC6C0AA5242}.Debug|Win32.Build.0 = Debug|Win32
		{D2998A79-5266-4B44-B184-7AC6C0AA5242}.Debug|x64.ActiveCfg = Debug|x64
		{D2998A79-5266-4B44-B184-7AC6C0AA5242}.Debug|x64.Build.0 = Debug|x64
		{D2998A79-5266-4B44-B184-7AC6C0AA5242}.DebugShared|Win32.ActiveCfg = DebugShared|Win32
		{D2998A79-5266-4B44-B184-7AC6C0AA5242}.DebugShared|x64.ActiveCfg = DebugShared|x64
		{D2998A79-5266-4B44-B184-7AC6C0AA5242}.DebugShared|x64.Build.0 = DebugShared|x64
		{D2998A79-5266-4B44-B184-7AC6C0AA5242}.Release|Win32.ActiveCfg = Release|Win32
		{D2998A79-5266-4B44-B184-7AC6C0AA5242}.Release|Win32.Build.0 = Release|Win32
		{D2998A79-5266-4B44-B184-7AC6C0AA5242}.Release|x64.ActiveCfg = Release|x64
		{D2998A79-5266-4B44-B184-7AC6C0AA5242}.Release|x64.Build.0 = Release|x64
		{D2998A79-5266-4B44-B184-7AC6C0AA5242}.ReleaseShared|Win32.ActiveCfg = ReleaseShared|Win32
		{D2998A79-5266-4B44-B184-7AC6C0AA5242}.ReleaseShared|x64.ActiveCfg = ReleaseShared|x64
		{D2998A79-5266-4B44-B184-7AC6C0AA5242}.ReleaseShared|x64.Build.0 = ReleaseShared|x64
		{D2998A79-5266-4B44-DDDD-7AC6C0AA5242}.Debug|Win32.ActiveCfg = Debug|Win32
		{D2998A79-5266-4B44-DDDD-7AC6C0AA5242}.Debug|Win32.Build.0 = Debug|Win32
		{D2998A79-5266-4B44-DDDD-7AC6C0AA5242}.Debug|x64.ActiveCfg = Debug|x64
		{D2998A79-5266-4B44-DDDD-7AC6C0AA5242}.Debug|x64.Build.0 = Debug|x64
		{D2998A79-5266-4B44-DDDD-7AC6C0AA5242}.DebugShared|Win32.ActiveCfg = DebugShared|Win32
		{D2998A79-5266-4B44-DDDD-7AC6C0AA5242}.DebugShared|x64.ActiveCfg = DebugShared|x64
		{D2998A79-5266-4B44-DDDD-7AC6C0AA5242}.DebugShared|x64.Build.0 = DebugShared|x64
		{D2998A79-5266-4B44-DDDD-7AC6C0AA5242}.Release|Win32.ActiveCfg = Release|Win32
		{D2998A79-5266-4B44-DDDD-7AC6C0AA5242}.Release|Win32.Build.0 = Release|Win32
		{D2998A79-5266-4B44-DDDD-7AC6C0AA5242}.Release|x64.ActiveCfg = Release|x64
		{D2998A79-5266-4B44-DDDD-7AC6C0AA5242}.Release|x64.Build.0 = Release|x64
		{D2998A79-5266-4B44-DDDD-7AC6C0AA5242}.ReleaseShared|Win32.ActiveCfg = ReleaseShared|Win32
		{D2998A79-5266-4B44-DDDD-7AC6C0AA5242}.ReleaseShared|x64.ActiveCfg = ReleaseShared|x64
		{D2998A79-5266-4B44-DDDD-7AC6C0AA5242}.ReleaseShared|x64.Build.0 = ReleaseShared|x64
		{A2998A7A-52C1-4BA1-B166-AAB6C1AB7242}.Debug|Win32.ActiveCfg = Debug|Win32
		{A2998A7A-52C1-4BA1-B166-AAB6C1AB7242}.Debug|Win32.Build.0 = Debug|Win32
		{A2998A7A-52C1-4BA1-B166-AAB6C1AB7242}.Debug|x64.ActiveCfg = Debug|x64
		{A2998A7A-52C1-4BA1-B166-AAB6C1AB7242}.Debug|x64.Build.0 = Debug|x64
		{A2998A7A-52C1-4BA1-B166-AAB6C1AB7242}.DebugShared|Win32.ActiveCfg = DebugShared|Win32
		{A2998A7A-52C1-4BA1-B166-AAB6C1AB7242}.DebugShared|Win32.Build.0 = DebugShared|Win32
		{A2998A7A-52C1-4BA1-B166-AAB6C1AB7242}.DebugShared|x64.ActiveCfg = DebugShared|x64
		{A2998A7A-52C1-4BA1-B166-AAB6C1AB7242}.DebugShared|x64.Build.0 = DebugShared|x64
		{A2998A7A-52C1-4BA1-B166-AAB6C1AB7242}.Release|Win32.ActiveCfg = Release|Win32
		{A2998A7A-52C1-4BA1-B166-AAB6C1AB7242}.Release|Win32.Build.0 = Release|Win32
		{A2998A7A-52C1-4BA1-B166-AAB6C1AB7242}.Release|x64.ActiveCfg = Release|x64
		{A2998A7A-52C1-4BA1-B166-AAB6C1AB7242}.Release|x64.Build.0 = Release|x64
		{A2998A7A-52C1-4BA1-B166-AAB6C1AB7242}.ReleaseShared|Win32.ActiveCfg = ReleaseShared|Win32
		{A2998A7A-52C1-4BA1-B166-AAB6C1AB7242}.ReleaseShared|Win32.Build.0 = ReleaseShared|Win32
		{A2998A7A-52C1-4BA1-B166-AAB6C1AB7242}.ReleaseShared|x64.ActiveCfg = ReleaseShared|x64
		{A2998A7A-52C1-4BA1-B166-AAB6C1AB7242}.ReleaseShared|x64.Build.0 = ReleaseShared|x64
	EndGlobalSection
	GlobalSection(SolutionProperties) = preSolution
		HideSolutionNode = FALSE
	EndGlobalSection
EndGlobal
