<?xml version="1.0" encoding="utf-8"?>
<Project ToolsVersion="4.0" xmlns="http://schemas.microsoft.com/developer/msbuild/2003">
  <ItemGroup>
    <Filter Include="Source Files">
      <UniqueIdentifier>{4FC737F1-C7A5-4376-A066-2A32D752A2FF}</UniqueIdentifier>
      <Extensions>cpp;c;cc;cxx;def;odl;idl;hpj;bat;asm;asmx</Extensions>
    </Filter>
    <Filter Include="Header Files">
      <UniqueIdentifier>{93995380-89BD-4b04-88EB-625FBE52EBFB}</UniqueIdentifier>
      <Extensions>h;hpp;hxx;hm;inl;inc;xsd</Extensions>
    </Filter>
    <Filter Include="Resource Files">
      <UniqueIdentifier>{67DA6AB6-F800-4c08-8B7A-83BB121AAD01}</UniqueIdentifier>
      <Extensions>rc;ico;cur;bmp;dlg;rc2;rct;bin;rgs;gif;jpg;jpeg;jpe;resx;tiff;tif;png;wav</Extensions>
    </Filter>
    <Filter Include="win32port">
      <UniqueIdentifier>{7766ab3c-b4f8-4c3c-a817-33dd30f45831}</UniqueIdentifier>
    </Filter>
    <Filter Include="Source Files\lib">
      <UniqueIdentifier>{0bda04e2-f14b-4766-9139-4bdd5caab4f6}</UniqueIdentifier>
    </Filter>
    <Filter Include="Header Files\lib">
      <UniqueIdentifier>{617e96fd-fa0b-40d9-a5ee-150c86f76b3b}</UniqueIdentifier>
    </Filter>
    <Filter Include="Source Files\win32">
      <UniqueIdentifier>{2faa4d4f-0fae-4cd1-a160-dd8cebb66df3}</UniqueIdentifier>
    </Filter>
    <Filter Include="Header Files\win32">
      <UniqueIdentifier>{b0ccb27c-cf2d-4b9b-9cc4-8cc541869895}</UniqueIdentifier>
    </Filter>
  </ItemGroup>
  <ItemGroup>
    <ResourceCompile Include="..\..\submodule\PDCurses\common\pdcurses.rc">
      <Filter>Resource Files</Filter>
    </ResourceCompile>
  </ItemGroup>
  <ItemGroup>
    <ClCompile Include="..\..\submodule\PDCurses\pdcurses\addch.c">
      <Filter>Source Files\lib</Filter>
    </ClCompile>
    <ClCompile Include="..\..\submodule\PDCurses\pdcurses\addchstr.c">
      <Filter>Source Files\lib</Filter>
    </ClCompile>
    <ClCompile Include="..\..\submodule\PDCurses\pdcurses\addstr.c">
      <Filter>Source Files\lib</Filter>
    </ClCompile>
    <ClCompile Include="..\..\submodule\PDCurses\pdcurses\attr.c">
      <Filter>Source Files\lib</Filter>
    </ClCompile>
    <ClCompile Include="..\..\submodule\PDCurses\pdcurses\beep.c">
      <Filter>Source Files\lib</Filter>
    </ClCompile>
    <ClCompile Include="..\..\submodule\PDCurses\pdcurses\bkgd.c">
      <Filter>Source Files\lib</Filter>
    </ClCompile>
    <ClCompile Include="..\..\submodule\PDCurses\pdcurses\border.c">
      <Filter>Source Files\lib</Filter>
    </ClCompile>
    <ClCompile Include="..\..\submodule\PDCurses\pdcurses\clear.c">
      <Filter>Source Files\lib</Filter>
    </ClCompile>
    <ClCompile Include="..\..\submodule\PDCurses\pdcurses\color.c">
      <Filter>Source Files\lib</Filter>
    </ClCompile>
    <ClCompile Include="..\..\submodule\PDCurses\pdcurses\debug.c">
      <Filter>Source Files\lib</Filter>
    </ClCompile>
    <ClCompile Include="..\..\submodule\PDCurses\pdcurses\delch.c">
      <Filter>Source Files\lib</Filter>
    </ClCompile>
    <ClCompile Include="..\..\submodule\PDCurses\pdcurses\deleteln.c">
      <Filter>Source Files\lib</Filter>
    </ClCompile>
    <ClCompile Include="..\..\submodule\PDCurses\pdcurses\getch.c">
      <Filter>Source Files\lib</Filter>
    </ClCompile>
    <ClCompile Include="..\..\submodule\PDCurses\pdcurses\getstr.c">
      <Filter>Source Files\lib</Filter>
    </ClCompile>
    <ClCompile Include="..\..\submodule\PDCurses\pdcurses\getyx.c">
      <Filter>Source Files\lib</Filter>
    </ClCompile>
    <ClCompile Include="..\..\submodule\PDCurses\pdcurses\inch.c">
      <Filter>Source Files\lib</Filter>
    </ClCompile>
    <ClCompile Include="..\..\submodule\PDCurses\pdcurses\inchstr.c">
      <Filter>Source Files\lib</Filter>
    </ClCompile>
    <ClCompile Include="..\..\submodule\PDCurses\pdcurses\initscr.c">
      <Filter>Source Files\lib</Filter>
    </ClCompile>
    <ClCompile Include="..\..\submodule\PDCurses\pdcurses\inopts.c">
      <Filter>Source Files\lib</Filter>
    </ClCompile>
    <ClCompile Include="..\..\submodule\PDCurses\pdcurses\insch.c">
      <Filter>Source Files\lib</Filter>
    </ClCompile>
    <ClCompile Include="..\..\submodule\PDCurses\pdcurses\insstr.c">
      <Filter>Source Files\lib</Filter>
    </ClCompile>
    <ClCompile Include="..\..\submodule\PDCurses\pdcurses\instr.c">
      <Filter>Source Files\lib</Filter>
    </ClCompile>
    <ClCompile Include="..\..\submodule\PDCurses\pdcurses\kernel.c">
      <Filter>Source Files\lib</Filter>
    </ClCompile>
    <ClCompile Include="..\..\submodule\PDCurses\pdcurses\keyname.c">
      <Filter>Source Files\lib</Filter>
    </ClCompile>
    <ClCompile Include="..\..\submodule\PDCurses\pdcurses\mouse.c">
      <Filter>Source Files\lib</Filter>
    </ClCompile>
    <ClCompile Include="..\..\submodule\PDCurses\pdcurses\move.c">
      <Filter>Source Files\lib</Filter>
    </ClCompile>
    <ClCompile Include="..\..\submodule\PDCurses\pdcurses\outopts.c">
      <Filter>Source Files\lib</Filter>
    </ClCompile>
    <ClCompile Include="..\..\submodule\PDCurses\pdcurses\overlay.c">
      <Filter>Source Files\lib</Filter>
    </ClCompile>
    <ClCompile Include="..\..\submodule\PDCurses\pdcurses\pad.c">
      <Filter>Source Files\lib</Filter>
    </ClCompile>
    <ClCompile Include="..\..\submodule\PDCurses\pdcurses\panel.c">
      <Filter>Source Files\lib</Filter>
    </ClCompile>
    <ClCompile Include="..\..\submodule\PDCurses\pdcurses\printw.c">
      <Filter>Source Files\lib</Filter>
    </ClCompile>
    <ClCompile Include="..\..\submodule\PDCurses\pdcurses\refresh.c">
      <Filter>Source Files\lib</Filter>
    </ClCompile>
    <ClCompile Include="..\..\submodule\PDCurses\pdcurses\scanw.c">
      <Filter>Source Files\lib</Filter>
    </ClCompile>
    <ClCompile Include="..\..\submodule\PDCurses\pdcurses\scr_dump.c">
      <Filter>Source Files\lib</Filter>
    </ClCompile>
    <ClCompile Include="..\..\submodule\PDCurses\pdcurses\scroll.c">
      <Filter>Source Files\lib</Filter>
    </ClCompile>
    <ClCompile Include="..\..\submodule\PDCurses\pdcurses\slk.c">
      <Filter>Source Files\lib</Filter>
    </ClCompile>
    <ClCompile Include="..\..\submodule\PDCurses\pdcurses\termattr.c">
      <Filter>Source Files\lib</Filter>
    </ClCompile>
    <ClCompile Include="..\..\submodule\PDCurses\pdcurses\touch.c">
      <Filter>Source Files\lib</Filter>
    </ClCompile>
    <ClCompile Include="..\..\submodule\PDCurses\pdcurses\util.c">
      <Filter>Source Files\lib</Filter>
    </ClCompile>
    <ClCompile Include="..\..\submodule\PDCurses\pdcurses\window.c">
      <Filter>Source Files\lib</Filter>
    </ClCompile>
    <ClCompile Include="..\..\submodule\PDCurses\wincon\pdcclip.c">
      <Filter>Source Files\win32</Filter>
    </ClCompile>
    <ClCompile Include="..\..\submodule\PDCurses\wincon\pdcdisp.c">
      <Filter>Source Files\win32</Filter>
    </ClCompile>
    <ClCompile Include="..\..\submodule\PDCurses\wincon\pdcgetsc.c">
      <Filter>Source Files\win32</Filter>
    </ClCompile>
    <ClCompile Include="..\..\submodule\PDCurses\wincon\pdckbd.c">
      <Filter>Source Files\win32</Filter>
    </ClCompile>
    <ClCompile Include="..\..\submodule\PDCurses\wincon\pdcscrn.c">
      <Filter>Source Files\win32</Filter>
    </ClCompile>
    <ClCompile Include="..\..\submodule\PDCurses\wincon\pdcsetsc.c">
      <Filter>Source Files\win32</Filter>
    </ClCompile>
    <ClCompile Include="..\..\submodule\PDCurses\wincon\pdcutil.c">
      <Filter>Source Files\win32</Filter>
    </ClCompile>
  </ItemGroup>
  <ItemGroup>
    <ClInclude Include="..\..\submodule\PDCurses\wincon\pdcwin.h">
      <Filter>Header Files\win32</Filter>
    </ClInclude>
    <ClInclude Include="..\..\submodule\PDCurses\curses.h">
      <Filter>Header Files</Filter>
    </ClInclude>
    <ClInclude Include="..\..\submodule\PDCurses\curspriv.h">
      <Filter>Header Files</Filter>
    </ClInclude>
    <ClInclude Include="..\..\submodule\PDCurses\panel.h">
      <Filter>Header Files</Filter>
    </ClInclude>
  </ItemGroup>
</Project>